
Microsoft Visual Studio Solution File, Format Version 12.00
# Visual Studio Version 17
VisualStudioVersion = 17.5.002.0
MinimumVisualStudioVersion = 10.0.40219.1
Project("{9A19103F-16F7-4668-BE54-9A1E7A4F7556}") = "PokemonC", "PokemonC.csproj", "{19CF28ED-CD77-4837-883E-6C7806206957}"
EndProject
Global
	GlobalSection(SolutionConfigurationPlatforms) = preSolution
		Debug|Any CPU = Debug|Any CPU
		Release|Any CPU = Release|Any CPU
	EndGlobalSection
	GlobalSection(ProjectConfigurationPlatforms) = postSolution
		{19CF28ED-CD77-4837-883E-6C7806206957}.Debug|Any CPU.ActiveCfg = Debug|Any CPU
		{19CF28ED-CD77-4837-883E-6C7806206957}.Debug|Any CPU.Build.0 = Debug|Any CPU
		{19CF28ED-CD77-4837-883E-6C7806206957}.Release|Any CPU.ActiveCfg = Release|Any CPU
		{19CF28ED-CD77-4837-883E-6C7806206957}.Release|Any CPU.Build.0 = Release|Any CPU
	EndGlobalSection
	GlobalSection(SolutionProperties) = preSolution
		HideSolutionNode = FALSE
	EndGlobalSection
	GlobalSection(ExtensibilityGlobals) = postSolution
		SolutionGuid = {64B94494-9D63-4215-8A74-AD46043DCFBF}
	EndGlobalSection
EndGlobal
